// !$*UTF8*$!
{
	archiveVersion = 1;
	classes = {
	};
	objectVersion = 55;
	objects = {

/* Begin PBXBuildFile section */
		12FA2FAC27710276007347FD /* WeatherDemoApp.swift in Sources */ = {isa = PBXBuildFile; fileRef = 12FA2FAB27710276007347FD /* WeatherDemoApp.swift */; };
		12FA2FAE27710276007347FD /* ContentView.swift in Sources */ = {isa = PBXBuildFile; fileRef = 12FA2FAD27710276007347FD /* ContentView.swift */; };
		12FA2FB027710279007347FD /* Assets.xcassets in Resources */ = {isa = PBXBuildFile; fileRef = 12FA2FAF27710279007347FD /* Assets.xcassets */; };
		12FA2FB327710279007347FD /* Preview Assets.xcassets in Resources */ = {isa = PBXBuildFile; fileRef = 12FA2FB227710279007347FD /* Preview Assets.xcassets */; };
		12FA2FBB27710392007347FD /* LocationManager.swift in Sources */ = {isa = PBXBuildFile; fileRef = 12FA2FBA27710392007347FD /* LocationManager.swift */; };
		12FA2FC02771058C007347FD /* WelcomeView.swift in Sources */ = {isa = PBXBuildFile; fileRef = 12FA2FBF2771058C007347FD /* WelcomeView.swift */; };
		12FA2FC2277108D8007347FD /* LoadingView.swift in Sources */ = {isa = PBXBuildFile; fileRef = 12FA2FC1277108D8007347FD /* LoadingView.swift */; };
		12FA2FC427710A57007347FD /* WeatherManager.swift in Sources */ = {isa = PBXBuildFile; fileRef = 12FA2FC327710A57007347FD /* WeatherManager.swift */; };
		12FA2FC6277112F7007347FD /* WeatherView.swift in Sources */ = {isa = PBXBuildFile; fileRef = 12FA2FC5277112F7007347FD /* WeatherView.swift */; };
		12FA2FC82771131B007347FD /* ModelData.swift in Sources */ = {isa = PBXBuildFile; fileRef = 12FA2FC72771131B007347FD /* ModelData.swift */; };
		12FA2FCA2771143E007347FD /* weatherData.json in Resources */ = {isa = PBXBuildFile; fileRef = 12FA2FC92771143E007347FD /* weatherData.json */; };
		12FA2FCC27711510007347FD /* Extensions.swift in Sources */ = {isa = PBXBuildFile; fileRef = 12FA2FCB27711510007347FD /* Extensions.swift */; };
		12FA2FCF27711E81007347FD /* WeatherRow.swift in Sources */ = {isa = PBXBuildFile; fileRef = 12FA2FCE27711E81007347FD /* WeatherRow.swift */; };
/* End PBXBuildFile section */

/* Begin PBXFileReference section */
		12FA2FA827710276007347FD /* WeatherDemo.app */ = {isa = PBXFileReference; explicitFileType = wrapper.application; includeInIndex = 0; path = WeatherDemo.app; sourceTree = BUILT_PRODUCTS_DIR; };
		12FA2FAB27710276007347FD /* WeatherDemoApp.swift */ = {isa = PBXFileReference; lastKnownFileType = sourcecode.swift; path = WeatherDemoApp.swift; sourceTree = "<group>"; };
		12FA2FAD27710276007347FD /* ContentView.swift */ = {isa = PBXFileReference; lastKnownFileType = sourcecode.swift; path = ContentView.swift; sourceTree = "<group>"; };
		12FA2FAF27710279007347FD /* Assets.xcassets */ = {isa = PBXFileReference; lastKnownFileType = folder.assetcatalog; path = Assets.xcassets; sourceTree = "<group>"; };
		12FA2FB227710279007347FD /* Preview Assets.xcassets */ = {isa = PBXFileReference; lastKnownFileType = folder.assetcatalog; path = "Preview Assets.xcassets"; sourceTree = "<group>"; };
		12FA2FBA27710392007347FD /* LocationManager.swift */ = {isa = PBXFileReference; lastKnownFileType = sourcecode.swift; path = LocationManager.swift; sourceTree = "<group>"; };
		12FA2FBF2771058C007347FD /* WelcomeView.swift */ = {isa = PBXFileReference; lastKnownFileType = sourcecode.swift; path = WelcomeView.swift; sourceTree = "<group>"; };
		12FA2FC1277108D8007347FD /* LoadingView.swift */ = {isa = PBXFileReference; lastKnownFileType = sourcecode.swift; path = LoadingView.swift; sourceTree = "<group>"; };
		12FA2FC327710A57007347FD /* WeatherManager.swift */ = {isa = PBXFileReference; lastKnownFileType = sourcecode.swift; path = WeatherManager.swift; sourceTree = "<group>"; };
		12FA2FC5277112F7007347FD /* WeatherView.swift */ = {isa = PBXFileReference; lastKnownFileType = sourcecode.swift; path = WeatherView.swift; sourceTree = "<group>"; };
		12FA2FC72771131B007347FD /* ModelData.swift */ = {isa = PBXFileReference; lastKnownFileType = sourcecode.swift; path = ModelData.swift; sourceTree = "<group>"; };
		12FA2FC92771143E007347FD /* weatherData.json */ = {isa = PBXFileReference; lastKnownFileType = text.json; path = weatherData.json; sourceTree = "<group>"; };
		12FA2FCB27711510007347FD /* Extensions.swift */ = {isa = PBXFileReference; lastKnownFileType = sourcecode.swift; path = Extensions.swift; sourceTree = "<group>"; };
		12FA2FCE27711E81007347FD /* WeatherRow.swift */ = {isa = PBXFileReference; lastKnownFileType = sourcecode.swift; path = WeatherRow.swift; sourceTree = "<group>"; };
/* End PBXFileReference section */

/* Begin PBXFrameworksBuildPhase section */
		12FA2FA527710276007347FD /* Frameworks */ = {
			isa = PBXFrameworksBuildPhase;
			buildActionMask = 2147483647;
			files = (
			);
			runOnlyForDeploymentPostprocessing = 0;
		};
/* End PBXFrameworksBuildPhase section */

/* Begin PBXGroup section */
		12FA2F9F27710276007347FD = {
			isa = PBXGroup;
			children = (
				12FA2FAA27710276007347FD /* WeatherDemo */,
				12FA2FA927710276007347FD /* Products */,
			);
			sourceTree = "<group>";
		};
		12FA2FA927710276007347FD /* Products */ = {
			isa = PBXGroup;
			children = (
				12FA2FA827710276007347FD /* WeatherDemo.app */,
			);
			name = Products;
			sourceTree = "<group>";
		};
		12FA2FAA27710276007347FD /* WeatherDemo */ = {
			isa = PBXGroup;
			children = (
				12FA2FCD27711E67007347FD /* Components */,
				12FA2FBC27710518007347FD /* Views */,
				12FA2FB92771037F007347FD /* Managers */,
				12FA2FAB27710276007347FD /* WeatherDemoApp.swift */,
				12FA2FAF27710279007347FD /* Assets.xcassets */,
				12FA2FB127710279007347FD /* Preview Content */,
				12FA2FCB27711510007347FD /* Extensions.swift */,
			);
			path = WeatherDemo;
			sourceTree = "<group>";
		};
		12FA2FB127710279007347FD /* Preview Content */ = {
			isa = PBXGroup;
			children = (
				12FA2FB227710279007347FD /* Preview Assets.xcassets */,
				12FA2FC72771131B007347FD /* ModelData.swift */,
				12FA2FC92771143E007347FD /* weatherData.json */,
			);
			path = "Preview Content";
			sourceTree = "<group>";
		};
		12FA2FB92771037F007347FD /* Managers */ = {
			isa = PBXGroup;
			children = (
				12FA2FBA27710392007347FD /* LocationManager.swift */,
				12FA2FC327710A57007347FD /* WeatherManager.swift */,
			);
			path = Managers;
			sourceTree = "<group>";
		};
		12FA2FBC27710518007347FD /* Views */ = {
			isa = PBXGroup;
			children = (
				12FA2FAD27710276007347FD /* ContentView.swift */,
				12FA2FBF2771058C007347FD /* WelcomeView.swift */,
				12FA2FC1277108D8007347FD /* LoadingView.swift */,
				12FA2FC5277112F7007347FD /* WeatherView.swift */,
			);
			path = Views;
			sourceTree = "<group>";
		};
		12FA2FCD27711E67007347FD /* Components */ = {
			isa = PBXGroup;
			children = (
				12FA2FCE27711E81007347FD /* WeatherRow.swift */,
			);
			path = Components;
			sourceTree = "<group>";
		};
/* End PBXGroup section */

/* Begin PBXNativeTarget section */
		12FA2FA727710276007347FD /* WeatherDemo */ = {
			isa = PBXNativeTarget;
			buildConfigurationList = 12FA2FB627710279007347FD /* Build configuration list for PBXNativeTarget "WeatherDemo" */;
			buildPhases = (
				12FA2FA427710276007347FD /* Sources */,
				12FA2FA527710276007347FD /* Frameworks */,
				12FA2FA627710276007347FD /* Resources */,
			);
			buildRules = (
			);
			dependencies = (
			);
			name = WeatherDemo;
			productName = WeatherDemo;
			productReference = 12FA2FA827710276007347FD /* WeatherDemo.app */;
			productType = "com.apple.product-type.application";
		};
/* End PBXNativeTarget section */

/* Begin PBXProject section */
		12FA2FA027710276007347FD /* Project object */ = {
			isa = PBXProject;
			attributes = {
				BuildIndependentTargetsInParallel = 1;
				LastSwiftUpdateCheck = 1310;
				LastUpgradeCheck = 1310;
				TargetAttributes = {
					12FA2FA727710276007347FD = {
						CreatedOnToolsVersion = 13.1;
					};
				};
			};
			buildConfigurationList = 12FA2FA327710276007347FD /* Build configuration list for PBXProject "WeatherDemo" */;
			compatibilityVersion = "Xcode 13.0";
			developmentRegion = en;
			hasScannedForEncodings = 0;
			knownRegions = (
				en,
				Base,
			);
			mainGroup = 12FA2F9F27710276007347FD;
			productRefGroup = 12FA2FA927710276007347FD /* Products */;
			projectDirPath = "";
			projectRoot = "";
			targets = (
				12FA2FA727710276007347FD /* WeatherDemo */,
			);
		};
/* End PBXProject section */

/* Begin PBXResourcesBuildPhase section */
		12FA2FA627710276007347FD /* Resources */ = {
			isa = PBXResourcesBuildPhase;
			buildActionMask = 2147483647;
			files = (
				12FA2FB327710279007347FD /* Preview Assets.xcassets in Resources */,
				12FA2FCA2771143E007347FD /* weatherData.json in Resources */,
				12FA2FB027710279007347FD /* Assets.xcassets in Resources */,
			);
			runOnlyForDeploymentPostprocessing = 0;
		};
/* End PBXResourcesBuildPhase section */

/* Begin PBXSourcesBuildPhase section */
		12FA2FA427710276007347FD /* Sources */ = {
			isa = PBXSourcesBuildPhase;
			buildActionMask = 2147483647;
			files = (
				12FA2FC427710A57007347FD /* WeatherManager.swift in Sources */,
				12FA2FCC27711510007347FD /* Extensions.swift in Sources */,
				12FA2FAE27710276007347FD /* ContentView.swift in Sources */,
				12FA2FAC27710276007347FD /* WeatherDemoApp.swift in Sources */,
				12FA2FBB27710392007347FD /* LocationManager.swift in Sources */,
				12FA2FCF27711E81007347FD /* WeatherRow.swift in Sources */,
				12FA2FC2277108D8007347FD /* LoadingView.swift in Sources */,
				12FA2FC82771131B007347FD /* ModelData.swift in Sources */,
				12FA2FC6277112F7007347FD /* WeatherView.swift in Sources */,
				12FA2FC02771058C007347FD /* WelcomeView.swift in Sources */,
			);
			runOnlyForDeploymentPostprocessing = 0;
		};
/* End PBXSourcesBuildPhase section */

/* Begin XCBuildConfiguration section */
		12FA2FB427710279007347FD /* Debug */ = {
			isa = XCBuildConfiguration;
			buildSettings = {
				ALWAYS_SEARCH_USER_PATHS = NO;
				CLANG_ANALYZER_NONNULL = YES;
				CLANG_ANALYZER_NUMBER_OBJECT_CONVERSION = YES_AGGRESSIVE;
				CLANG_CXX_LANGUAGE_STANDARD = "gnu++17";
				CLANG_CXX_LIBRARY = "libc++";
				CLANG_ENABLE_MODULES = YES;
				CLANG_ENABLE_OBJC_ARC = YES;
				CLANG_ENABLE_OBJC_WEAK = YES;
				CLANG_WARN_BLOCK_CAPTURE_AUTORELEASING = YES;
				CLANG_WARN_BOOL_CONVERSION = YES;
				CLANG_WARN_COMMA = YES;
				CLANG_WARN_CONSTANT_CONVERSION = YES;
				CLANG_WARN_DEPRECATED_OBJC_IMPLEMENTATIONS = YES;
				CLANG_WARN_DIRECT_OBJC_ISA_USAGE = YES_ERROR;
				CLANG_WARN_DOCUMENTATION_COMMENTS = YES;
				CLANG_WARN_EMPTY_BODY = YES;
				CLANG_WARN_ENUM_CONVERSION = YES;
				CLANG_WARN_INFINITE_RECURSION = YES;
				CLANG_WARN_INT_CONVERSION = YES;
				CLANG_WARN_NON_LITERAL_NULL_CONVERSION = YES;
				CLANG_WARN_OBJC_IMPLICIT_RETAIN_SELF = YES;
				CLANG_WARN_OBJC_LITERAL_CONVERSION = YES;
				CLANG_WARN_OBJC_ROOT_CLASS = YES_ERROR;
				CLANG_WARN_QUOTED_INCLUDE_IN_FRAMEWORK_HEADER = YES;
				CLANG_WARN_RANGE_LOOP_ANALYSIS = YES;
				CLANG_WARN_STRICT_PROTOTYPES = YES;
				CLANG_WARN_SUSPICIOUS_MOVE = YES;
				CLANG_WARN_UNGUARDED_AVAILABILITY = YES_AGGRESSIVE;
				CLANG_WARN_UNREACHABLE_CODE = YES;
				CLANG_WARN__DUPLICATE_METHOD_MATCH = YES;
				COPY_PHASE_STRIP = NO;
				DEBUG_INFORMATION_FORMAT = dwarf;
				ENABLE_STRICT_OBJC_MSGSEND = YES;
				ENABLE_TESTABILITY = YES;
				GCC_C_LANGUAGE_STANDARD = gnu11;
				GCC_DYNAMIC_NO_PIC = NO;
				GCC_NO_COMMON_BLOCKS = YES;
				GCC_OPTIMIZATION_LEVEL = 0;
				GCC_PREPROCESSOR_DEFINITIONS = (
					"DEBUG=1",
					"$(inherited)",
				);
				GCC_WARN_64_TO_32_BIT_CONVERSION = YES;
				GCC_WARN_ABOUT_RETURN_TYPE = YES_ERROR;
				GCC_WARN_UNDECLARED_SELECTOR = YES;
				GCC_WARN_UNINITIALIZED_AUTOS = YES_AGGRESSIVE;
				GCC_WARN_UNUSED_FUNCTION = YES;
				GCC_WARN_UNUSED_VARIABLE = YES;
				IPHONEOS_DEPLOYMENT_TARGET = 15.0;
				MTL_ENABLE_DEBUG_INFO = INCLUDE_SOURCE;
				MTL_FAST_MATH = YES;
				ONLY_ACTIVE_ARCH = YES;
				SDKROOT = iphoneos;
				SWIFT_ACTIVE_COMPILATION_CONDITIONS = DEBUG;
				SWIFT_OPTIMIZATION_LEVEL = "-Onone";
			};
			name = Debug;
		};
		12FA2FB527710279007347FD /* Release */ = {
			isa = XCBuildConfiguration;
			buildSettings = {
				ALWAYS_SEARCH_USER_PATHS = NO;
				CLANG_ANALYZER_NONNULL = YES;
				CLANG_ANALYZER_NUMBER_OBJECT_CONVERSION = YES_AGGRESSIVE;
				CLANG_CXX_LANGUAGE_STANDARD = "gnu++17";
				CLANG_CXX_LIBRARY = "libc++";
				CLANG_ENABLE_MODULES = YES;
				CLANG_ENABLE_OBJC_ARC = YES;
				CLANG_ENABLE_OBJC_WEAK = YES;
				CLANG_WARN_BLOCK_CAPTURE_AUTORELEASING = YES;
				CLANG_WARN_BOOL_CONVERSION = YES;
				CLANG_WARN_COMMA = YES;
				CLANG_WARN_CONSTANT_CONVERSION = YES;
				CLANG_WARN_DEPRECATED_OBJC_IMPLEMENTATIONS = YES;
				CLANG_WARN_DIRECT_OBJC_ISA_USAGE = YES_ERROR;
				CLANG_WARN_DOCUMENTATION_COMMENTS = YES;
				CLANG_WARN_EMPTY_BODY = YES;
				CLANG_WARN_ENUM_CONVERSION = YES;
				CLANG_WARN_INFINITE_RECURSION = YES;
				CLANG_WARN_INT_CONVERSION = YES;
				CLANG_WARN_NON_LITERAL_NULL_CONVERSION = YES;
				CLANG_WARN_OBJC_IMPLICIT_RETAIN_SELF = YES;
				CLANG_WARN_OBJC_LITERAL_CONVERSION = YES;
				CLANG_WARN_OBJC_ROOT_CLASS = YES_ERROR;
				CLANG_WARN_QUOTED_INCLUDE_IN_FRAMEWORK_HEADER = YES;
				CLANG_WARN_RANGE_LOOP_ANALYSIS = YES;
				CLANG_WARN_STRICT_PROTOTYPES = YES;
				CLANG_WARN_SUSPICIOUS_MOVE = YES;
				CLANG_WARN_UNGUARDED_AVAILABILITY = YES_AGGRESSIVE;
				CLANG_WARN_UNREACHABLE_CODE = YES;
				CLANG_WARN__DUPLICATE_METHOD_MATCH = YES;
				COPY_PHASE_STRIP = NO;
				DEBUG_INFORMATION_FORMAT = "dwarf-with-dsym";
				ENABLE_NS_ASSERTIONS = NO;
				ENABLE_STRICT_OBJC_MSGSEND = YES;
				GCC_C_LANGUAGE_STANDARD = gnu11;
				GCC_NO_COMMON_BLOCKS = YES;
				GCC_WARN_64_TO_32_BIT_CONVERSION = YES;
				GCC_WARN_ABOUT_RETURN_TYPE = YES_ERROR;
				GCC_WARN_UNDECLARED_SELECTOR = YES;
				GCC_WARN_UNINITIALIZED_AUTOS = YES_AGGRESSIVE;
				GCC_WARN_UNUSED_FUNCTION = YES;
				GCC_WARN_UNUSED_VARIABLE = YES;
				IPHONEOS_DEPLOYMENT_TARGET = 15.0;
				MTL_ENABLE_DEBUG_INFO = NO;
				MTL_FAST_MATH = YES;
				SDKROOT = iphoneos;
				SWIFT_COMPILATION_MODE = wholemodule;
				SWIFT_OPTIMIZATION_LEVEL = "-O";
				VALIDATE_PRODUCT = YES;
			};
			name = Release;
		};
		12FA2FB727710279007347FD /* Debug */ = {
			isa = XCBuildConfiguration;
			buildSettings = {
				ASSETCATALOG_COMPILER_APPICON_NAME = AppIcon;
				ASSETCATALOG_COMPILER_GLOBAL_ACCENT_COLOR_NAME = AccentColor;
				CODE_SIGN_STYLE = Automatic;
				CURRENT_PROJECT_VERSION = 1;
				DEVELOPMENT_ASSET_PATHS = "\"WeatherDemo/Preview Content\"";
				DEVELOPMENT_TEAM = 44YT3B4LXK;
				ENABLE_PREVIEWS = YES;
				GENERATE_INFOPLIST_FILE = YES;
				INFOPLIST_KEY_UIApplicationSceneManifest_Generation = YES;
				INFOPLIST_KEY_UIApplicationSupportsIndirectInputEvents = YES;
				INFOPLIST_KEY_UILaunchScreen_Generation = YES;
				INFOPLIST_KEY_UISupportedInterfaceOrientations_iPad = "UIInterfaceOrientationPortrait UIInterfaceOrientationPortraitUpsideDown UIInterfaceOrientationLandscapeLeft UIInterfaceOrientationLandscapeRight";
				INFOPLIST_KEY_UISupportedInterfaceOrientations_iPhone = "UIInterfaceOrientationPortrait UIInterfaceOrientationLandscapeLeft UIInterfaceOrientationLandscapeRight";
				IPHONEOS_DEPLOYMENT_TARGET = 15.0;
				LD_RUNPATH_SEARCH_PATHS = (
					"$(inherited)",
					"@executable_path/Frameworks",
				);
				MARKETING_VERSION = 1.0;
				PRODUCT_BUNDLE_IDENTIFIER = temilajumoke.WeatherDemo;
				PRODUCT_NAME = "$(TARGET_NAME)";
				SWIFT_EMIT_LOC_STRINGS = YES;
				SWIFT_VERSION = 5.0;
				TARGETED_DEVICE_FAMILY = "1,2";
			};
			name = Debug;
		};
		12FA2FB827710279007347FD /* Release */ = {
			isa = XCBuildConfiguration;
			buildSettings = {
				ASSETCATALOG_COMPILER_APPICON_NAME = AppIcon;
				ASSETCATALOG_COMPILER_GLOBAL_ACCENT_COLOR_NAME = AccentColor;
				CODE_SIGN_STYLE = Automatic;
				CURRENT_PROJECT_VERSION = 1;
				DEVELOPMENT_ASSET_PATHS = "\"WeatherDemo/Preview Content\"";
				DEVELOPMENT_TEAM = 44YT3B4LXK;
				ENABLE_PREVIEWS = YES;
				GENERATE_INFOPLIST_FILE = YES;
				INFOPLIST_KEY_UIApplicationSceneManifest_Generation = YES;
				INFOPLIST_KEY_UIApplicationSupportsIndirectInputEvents = YES;
				INFOPLIST_KEY_UILaunchScreen_Generation = YES;
				INFOPLIST_KEY_UISupportedInterfaceOrientations_iPad = "UIInterfaceOrientationPortrait UIInterfaceOrientationPortraitUpsideDown UIInterfaceOrientationLandscapeLeft UIInterfaceOrientationLandscapeRight";
				INFOPLIST_KEY_UISupportedInterfaceOrientations_iPhone = "UIInterfaceOrientationPortrait UIInterfaceOrientationLandscapeLeft UIInterfaceOrientationLandscapeRight";
				IPHONEOS_DEPLOYMENT_TARGET = 15.0;
				LD_RUNPATH_SEARCH_PATHS = (
					"$(inherited)",
					"@executable_path/Frameworks",
				);
				MARKETING_VERSION = 1.0;
				PRODUCT_BUNDLE_IDENTIFIER = temilajumoke.WeatherDemo;
				PRODUCT_NAME = "$(TARGET_NAME)";
				SWIFT_EMIT_LOC_STRINGS = YES;
				SWIFT_VERSION = 5.0;
				TARGETED_DEVICE_FAMILY = "1,2";
			};
			name = Release;
		};
/* End XCBuildConfiguration section */

/* Begin XCConfigurationList section */
		12FA2FA327710276007347FD /* Build configuration list for PBXProject "WeatherDemo" */ = {
			isa = XCConfigurationList;
			buildConfigurations = (
				12FA2FB427710279007347FD /* Debug */,
				12FA2FB527710279007347FD /* Release */,
			);
			defaultConfigurationIsVisible = 0;
			defaultConfigurationName = Release;
		};
		12FA2FB627710279007347FD /* Build configuration list for PBXNativeTarget "WeatherDemo" */ = {
			isa = XCConfigurationList;
			buildConfigurations = (
				12FA2FB727710279007347FD /* Debug */,
				12FA2FB827710279007347FD /* Release */,
			);
			defaultConfigurationIsVisible = 0;
			defaultConfigurationName = Release;
		};
/* End XCConfigurationList section */
	};
	rootObject = 12FA2FA027710276007347FD /* Project object */;
}
